// !$*UTF8*$!
{
	archiveVersion = 1;
	classes = {
	};
	objectVersion = 50;
	objects = {

/* Begin PBXBuildFile section */
		F43480F422C0ED7A00792C4A /* AppDelegate.m in Sources */ = {isa = PBXBuildFile; fileRef = F43480F322C0ED7A00792C4A /* AppDelegate.m */; };
		F43480F722C0ED7A00792C4A /* Setup_ViewController.m in Sources */ = {isa = PBXBuildFile; fileRef = F43480F622C0ED7A00792C4A /* Setup_ViewController.m */; };
		F43480FA22C0ED7A00792C4A /* Main.storyboard in Resources */ = {isa = PBXBuildFile; fileRef = F43480F822C0ED7A00792C4A /* Main.storyboard */; };
		F43480FC22C0ED7C00792C4A /* Assets.xcassets in Resources */ = {isa = PBXBuildFile; fileRef = F43480FB22C0ED7C00792C4A /* Assets.xcassets */; };
		F43480FF22C0ED7C00792C4A /* LaunchScreen.storyboard in Resources */ = {isa = PBXBuildFile; fileRef = F43480FD22C0ED7C00792C4A /* LaunchScreen.storyboard */; };
		F434810222C0ED7C00792C4A /* main.m in Sources */ = {isa = PBXBuildFile; fileRef = F434810122C0ED7C00792C4A /* main.m */; };
/* End PBXBuildFile section */

/* Begin PBXFileReference section */
		6D792C6323F6A567008CB0E9 /* ProtectorConfig.h */ = {isa = PBXFileReference; fileEncoding = 4; lastKnownFileType = sourcecode.c.h; path = ProtectorConfig.h; sourceTree = "<group>"; };
		F43480EF22C0ED7A00792C4A /* 01-ProjectSetup.app */ = {isa = PBXFileReference; explicitFileType = wrapper.application; includeInIndex = 0; path = "01-ProjectSetup.app"; sourceTree = BUILT_PRODUCTS_DIR; };
		F43480F222C0ED7A00792C4A /* AppDelegate.h */ = {isa = PBXFileReference; lastKnownFileType = sourcecode.c.h; path = AppDelegate.h; sourceTree = "<group>"; };
		F43480F322C0ED7A00792C4A /* AppDelegate.m */ = {isa = PBXFileReference; lastKnownFileType = sourcecode.c.objc; path = AppDelegate.m; sourceTree = "<group>"; };
		F43480F522C0ED7A00792C4A /* Setup_ViewController.h */ = {isa = PBXFileReference; lastKnownFileType = sourcecode.c.h; path = Setup_ViewController.h; sourceTree = "<group>"; };
		F43480F622C0ED7A00792C4A /* Setup_ViewController.m */ = {isa = PBXFileReference; lastKnownFileType = sourcecode.c.objc; path = Setup_ViewController.m; sourceTree = "<group>"; };
		F43480F922C0ED7A00792C4A /* Base */ = {isa = PBXFileReference; lastKnownFileType = file.storyboard; name = Base; path = Base.lproj/Main.storyboard; sourceTree = "<group>"; };
		F43480FB22C0ED7C00792C4A /* Assets.xcassets */ = {isa = PBXFileReference; lastKnownFileType = folder.assetcatalog; path = Assets.xcassets; sourceTree = "<group>"; };
		F43480FE22C0ED7C00792C4A /* Base */ = {isa = PBXFileReference; lastKnownFileType = file.storyboard; name = Base; path = Base.lproj/LaunchScreen.storyboard; sourceTree = "<group>"; };
		F434810022C0ED7C00792C4A /* Info.plist */ = {isa = PBXFileReference; lastKnownFileType = text.plist.xml; path = Info.plist; sourceTree = "<group>"; };
		F434810122C0ED7C00792C4A /* main.m */ = {isa = PBXFileReference; lastKnownFileType = sourcecode.c.objc; path = main.m; sourceTree = "<group>"; };
/* End PBXFileReference section */

/* Begin PBXFrameworksBuildPhase section */
		F43480EC22C0ED7A00792C4A /* Frameworks */ = {
			isa = PBXFrameworksBuildPhase;
			buildActionMask = 2147483647;
			files = (
			);
			runOnlyForDeploymentPostprocessing = 0;
		};
/* End PBXFrameworksBuildPhase section */

/* Begin PBXGroup section */
		6D792C5B23F6A567008CB0E9 /* Sdk */ = {
			isa = PBXGroup;
			children = (
				6D792C6323F6A567008CB0E9 /* ProtectorConfig.h */,
			);
			name = Sdk;
			path = ../Sdk;
			sourceTree = "<group>";
		};
		F43480E622C0ED7A00792C4A = {
			isa = PBXGroup;
			children = (
				6D792C5B23F6A567008CB0E9 /* Sdk */,
				F43480F122C0ED7A00792C4A /* 01-ProjectSetup */,
				F43480F022C0ED7A00792C4A /* Products */,
				F434814322C0FC7400792C4A /* Frameworks */,
			);
			sourceTree = "<group>";
		};
		F43480F022C0ED7A00792C4A /* Products */ = {
			isa = PBXGroup;
			children = (
				F43480EF22C0ED7A00792C4A /* 01-ProjectSetup.app */,
			);
			name = Products;
			sourceTree = "<group>";
		};
		F43480F122C0ED7A00792C4A /* 01-ProjectSetup */ = {
			isa = PBXGroup;
			children = (
				F43480F222C0ED7A00792C4A /* AppDelegate.h */,
				F43480F322C0ED7A00792C4A /* AppDelegate.m */,
				F43480F522C0ED7A00792C4A /* Setup_ViewController.h */,
				F43480F622C0ED7A00792C4A /* Setup_ViewController.m */,
				F43480F822C0ED7A00792C4A /* Main.storyboard */,
				F43480FB22C0ED7C00792C4A /* Assets.xcassets */,
				F43480FD22C0ED7C00792C4A /* LaunchScreen.storyboard */,
				F434810022C0ED7C00792C4A /* Info.plist */,
				F434810122C0ED7C00792C4A /* main.m */,
			);
			path = "01-ProjectSetup";
			sourceTree = "<group>";
		};
		F434814322C0FC7400792C4A /* Frameworks */ = {
			isa = PBXGroup;
			children = (
			);
			name = Frameworks;
			sourceTree = "<group>";
		};
/* End PBXGroup section */

/* Begin PBXNativeTarget section */
		F43480EE22C0ED7A00792C4A /* 01-ProjectSetup */ = {
			isa = PBXNativeTarget;
			buildConfigurationList = F434810522C0ED7C00792C4A /* Build configuration list for PBXNativeTarget "01-ProjectSetup" */;
			buildPhases = (
				F43480EB22C0ED7A00792C4A /* Sources */,
				F43480EC22C0ED7A00792C4A /* Frameworks */,
				F43480ED22C0ED7A00792C4A /* Resources */,
			);
			buildRules = (
			);
			dependencies = (
			);
			name = "01-ProjectSetup";
			productName = "01-ProjectSetup";
			productReference = F43480EF22C0ED7A00792C4A /* 01-ProjectSetup.app */;
			productType = "com.apple.product-type.application";
		};
/* End PBXNativeTarget section */

/* Begin PBXProject section */
		F43480E722C0ED7A00792C4A /* Project object */ = {
			isa = PBXProject;
			attributes = {
				LastUpgradeCheck = 1000;
				ORGANIZATIONNAME = "Simon Nebesky";
				TargetAttributes = {
					F43480EE22C0ED7A00792C4A = {
						CreatedOnToolsVersion = 10.0;
					};
				};
			};
			buildConfigurationList = F43480EA22C0ED7A00792C4A /* Build configuration list for PBXProject "01-ProjectSetup" */;
			compatibilityVersion = "Xcode 9.3";
			developmentRegion = en;
			hasScannedForEncodings = 0;
			knownRegions = (
				en,
				Base,
			);
			mainGroup = F43480E622C0ED7A00792C4A;
			productRefGroup = F43480F022C0ED7A00792C4A /* Products */;
			projectDirPath = "";
			projectRoot = "";
			targets = (
				F43480EE22C0ED7A00792C4A /* 01-ProjectSetup */,
			);
		};
/* End PBXProject section */

/* Begin PBXResourcesBuildPhase section */
		F43480ED22C0ED7A00792C4A /* Resources */ = {
			isa = PBXResourcesBuildPhase;
			buildActionMask = 2147483647;
			files = (
				F43480FF22C0ED7C00792C4A /* LaunchScreen.storyboard in Resources */,
				F43480FC22C0ED7C00792C4A /* Assets.xcassets in Resources */,
				F43480FA22C0ED7A00792C4A /* Main.storyboard in Resources */,
			);
			runOnlyForDeploymentPostprocessing = 0;
		};
/* End PBXResourcesBuildPhase section */

/* Begin PBXSourcesBuildPhase section */
		F43480EB22C0ED7A00792C4A /* Sources */ = {
			isa = PBXSourcesBuildPhase;
			buildActionMask = 2147483647;
			files = (
				F43480F722C0ED7A00792C4A /* Setup_ViewController.m in Sources */,
				F434810222C0ED7C00792C4A /* main.m in Sources */,
				F43480F422C0ED7A00792C4A /* AppDelegate.m in Sources */,
			);
			runOnlyForDeploymentPostprocessing = 0;
		};
/* End PBXSourcesBuildPhase section */

/* Begin PBXVariantGroup section */
		F43480F822C0ED7A00792C4A /* Main.storyboard */ = {
			isa = PBXVariantGroup;
			children = (
				F43480F922C0ED7A00792C4A /* Base */,
			);
			name = Main.storyboard;
			sourceTree = "<group>";
		};
		F43480FD22C0ED7C00792C4A /* LaunchScreen.storyboard */ = {
			isa = PBXVariantGroup;
			children = (
				F43480FE22C0ED7C00792C4A /* Base */,
			);
			name = LaunchScreen.storyboard;
			sourceTree = "<group>";
		};
/* End PBXVariantGroup section */

/* Begin XCBuildConfiguration section */
		F434810322C0ED7C00792C4A /* Debug */ = {
			isa = XCBuildConfiguration;
			buildSettings = {
				ALWAYS_SEARCH_USER_PATHS = NO;
				CLANG_ANALYZER_NONNULL = YES;
				CLANG_ANALYZER_NUMBER_OBJECT_CONVERSION = YES_AGGRESSIVE;
				CLANG_CXX_LANGUAGE_STANDARD = "gnu++14";
				CLANG_CXX_LIBRARY = "libc++";
				CLANG_ENABLE_MODULES = YES;
				CLANG_ENABLE_OBJC_ARC = YES;
				CLANG_ENABLE_OBJC_WEAK = YES;
				CLANG_WARN_BLOCK_CAPTURE_AUTORELEASING = YES;
				CLANG_WARN_BOOL_CONVERSION = YES;
				CLANG_WARN_COMMA = YES;
				CLANG_WARN_CONSTANT_CONVERSION = YES;
				CLANG_WARN_DEPRECATED_OBJC_IMPLEMENTATIONS = YES;
				CLANG_WARN_DIRECT_OBJC_ISA_USAGE = YES_ERROR;
				CLANG_WARN_DOCUMENTATION_COMMENTS = YES;
				CLANG_WARN_EMPTY_BODY = YES;
				CLANG_WARN_ENUM_CONVERSION = YES;
				CLANG_WARN_INFINITE_RECURSION = YES;
				CLANG_WARN_INT_CONVERSION = YES;
				CLANG_WARN_NON_LITERAL_NULL_CONVERSION = YES;
				CLANG_WARN_OBJC_IMPLICIT_RETAIN_SELF = YES;
				CLANG_WARN_OBJC_LITERAL_CONVERSION = YES;
				CLANG_WARN_OBJC_ROOT_CLASS = YES_ERROR;
				CLANG_WARN_RANGE_LOOP_ANALYSIS = YES;
				CLANG_WARN_STRICT_PROTOTYPES = YES;
				CLANG_WARN_SUSPICIOUS_MOVE = YES;
				CLANG_WARN_UNGUARDED_AVAILABILITY = YES_AGGRESSIVE;
				CLANG_WARN_UNREACHABLE_CODE = YES;
				CLANG_WARN__DUPLICATE_METHOD_MATCH = YES;
				CODE_SIGN_IDENTITY = "iPhone Developer";
				COPY_PHASE_STRIP = NO;
				DEBUG_INFORMATION_FORMAT = dwarf;
				ENABLE_BITCODE = NO;
				ENABLE_STRICT_OBJC_MSGSEND = YES;
				ENABLE_TESTABILITY = YES;
				GCC_C_LANGUAGE_STANDARD = gnu11;
				GCC_DYNAMIC_NO_PIC = NO;
				GCC_NO_COMMON_BLOCKS = YES;
				GCC_OPTIMIZATION_LEVEL = 0;
				GCC_PREPROCESSOR_DEFINITIONS = (
					"DEBUG=1",
					"$(inherited)",
				);
				GCC_WARN_64_TO_32_BIT_CONVERSION = YES;
				GCC_WARN_ABOUT_RETURN_TYPE = YES_ERROR;
				GCC_WARN_UNDECLARED_SELECTOR = YES;
				GCC_WARN_UNINITIALIZED_AUTOS = YES_AGGRESSIVE;
				GCC_WARN_UNUSED_FUNCTION = YES;
				GCC_WARN_UNUSED_VARIABLE = YES;
				IPHONEOS_DEPLOYMENT_TARGET = 11.0;
				MTL_ENABLE_DEBUG_INFO = INCLUDE_SOURCE;
				MTL_FAST_MATH = YES;
				ONLY_ACTIVE_ARCH = YES;
				SDKROOT = iphoneos;
			};
			name = Debug;
		};
		F434810422C0ED7C00792C4A /* Release */ = {
			isa = XCBuildConfiguration;
			buildSettings = {
				ALWAYS_SEARCH_USER_PATHS = NO;
				CLANG_ANALYZER_NONNULL = YES;
				CLANG_ANALYZER_NUMBER_OBJECT_CONVERSION = YES_AGGRESSIVE;
				CLANG_CXX_LANGUAGE_STANDARD = "gnu++14";
				CLANG_CXX_LIBRARY = "libc++";
				CLANG_ENABLE_MODULES = YES;
				CLANG_ENABLE_OBJC_ARC = YES;
				CLANG_ENABLE_OBJC_WEAK = YES;
				CLANG_WARN_BLOCK_CAPTURE_AUTORELEASING = YES;
				CLANG_WARN_BOOL_CONVERSION = YES;
				CLANG_WARN_COMMA = YES;
				CLANG_WARN_CONSTANT_CONVERSION = YES;
				CLANG_WARN_DEPRECATED_OBJC_IMPLEMENTATIONS = YES;
				CLANG_WARN_DIRECT_OBJC_ISA_USAGE = YES_ERROR;
				CLANG_WARN_DOCUMENTATION_COMMENTS = YES;
				CLANG_WARN_EMPTY_BODY = YES;
				CLANG_WARN_ENUM_CONVERSION = YES;
				CLANG_WARN_INFINITE_RECURSION = YES;
				CLANG_WARN_INT_CONVERSION = YES;
				CLANG_WARN_NON_LITERAL_NULL_CONVERSION = YES;
				CLANG_WARN_OBJC_IMPLICIT_RETAIN_SELF = YES;
				CLANG_WARN_OBJC_LITERAL_CONVERSION = YES;
				CLANG_WARN_OBJC_ROOT_CLASS = YES_ERROR;
				CLANG_WARN_RANGE_LOOP_ANALYSIS = YES;
				CLANG_WARN_STRICT_PROTOTYPES = YES;
				CLANG_WARN_SUSPICIOUS_MOVE = YES;
				CLANG_WARN_UNGUARDED_AVAILABILITY = YES_AGGRESSIVE;
				CLANG_WARN_UNREACHABLE_CODE = YES;
				CLANG_WARN__DUPLICATE_METHOD_MATCH = YES;
				CODE_SIGN_IDENTITY = "iPhone Developer";
				COPY_PHASE_STRIP = NO;
				DEBUG_INFORMATION_FORMAT = "dwarf-with-dsym";
				ENABLE_BITCODE = NO;
				ENABLE_NS_ASSERTIONS = NO;
				ENABLE_STRICT_OBJC_MSGSEND = YES;
				GCC_C_LANGUAGE_STANDARD = gnu11;
				GCC_NO_COMMON_BLOCKS = YES;
				GCC_WARN_64_TO_32_BIT_CONVERSION = YES;
				GCC_WARN_ABOUT_RETURN_TYPE = YES_ERROR;
				GCC_WARN_UNDECLARED_SELECTOR = YES;
				GCC_WARN_UNINITIALIZED_AUTOS = YES_AGGRESSIVE;
				GCC_WARN_UNUSED_FUNCTION = YES;
				GCC_WARN_UNUSED_VARIABLE = YES;
				IPHONEOS_DEPLOYMENT_TARGET = 11.0;
				MTL_ENABLE_DEBUG_INFO = NO;
				MTL_FAST_MATH = YES;
				SDKROOT = iphoneos;
				VALIDATE_PRODUCT = YES;
			};
			name = Release;
		};
		F434810622C0ED7C00792C4A /* Debug */ = {
			isa = XCBuildConfiguration;
			buildSettings = {
				ASSETCATALOG_COMPILER_APPICON_NAME = AppIcon;
				CLANG_ENABLE_CODE_COVERAGE = NO;
				CODE_SIGN_STYLE = Automatic;
				GCC_GENERATE_TEST_COVERAGE_FILES = YES;
				GCC_INSTRUMENT_PROGRAM_FLOW_ARCS = YES;
				INFOPLIST_FILE = "01-ProjectSetup/Info.plist";
				LD_RUNPATH_SEARCH_PATHS = (
					"$(inherited)",
					"@executable_path/Frameworks",
				);
				OTHER_LDFLAGS = "";
				PRODUCT_BUNDLE_IDENTIFIER = "com.gemalto.-1-ProjectSetup";
				PRODUCT_NAME = "$(TARGET_NAME)";
				TARGETED_DEVICE_FAMILY = "1,2";
			};
			name = Debug;
		};
		F434810722C0ED7C00792C4A /* Release */ = {
			isa = XCBuildConfiguration;
			buildSettings = {
				ASSETCATALOG_COMPILER_APPICON_NAME = AppIcon;
				CLANG_ENABLE_CODE_COVERAGE = NO;
				CODE_SIGN_STYLE = Automatic;
				GCC_GENERATE_TEST_COVERAGE_FILES = YES;
				GCC_INSTRUMENT_PROGRAM_FLOW_ARCS = YES;
				INFOPLIST_FILE = "01-ProjectSetup/Info.plist";
				LD_RUNPATH_SEARCH_PATHS = (
					"$(inherited)",
					"@executable_path/Frameworks",
				);
				OTHER_LDFLAGS = "";
				PRODUCT_BUNDLE_IDENTIFIER = "com.gemalto.-1-ProjectSetup";
				PRODUCT_NAME = "$(TARGET_NAME)";
				TARGETED_DEVICE_FAMILY = "1,2";
			};
			name = Release;
		};
/* End XCBuildConfiguration section */

/* Begin XCConfigurationList section */
		F43480EA22C0ED7A00792C4A /* Build configuration list for PBXProject "01-ProjectSetup" */ = {
			isa = XCConfigurationList;
			buildConfigurations = (
				F434810322C0ED7C00792C4A /* Debug */,
				F434810422C0ED7C00792C4A /* Release */,
			);
			defaultConfigurationIsVisible = 0;
			defaultConfigurationName = Release;
		};
		F434810522C0ED7C00792C4A /* Build configuration list for PBXNativeTarget "01-ProjectSetup" */ = {
			isa = XCConfigurationList;
			buildConfigurations = (
				F434810622C0ED7C00792C4A /* Debug */,
				F434810722C0ED7C00792C4A /* Release */,
			);
			defaultConfigurationIsVisible = 0;
			defaultConfigurationName = Release;
		};
/* End XCConfigurationList section */
	};
	rootObject = F43480E722C0ED7A00792C4A /* Project object */;
}
